{
  "requires": true,
  "lockfileVersion": 1,
  "dependencies": {
    "ag-grid-angular": {
      "version": "25.3.0",
      "resolved": "https://registry.npmjs.org/ag-grid-angular/-/ag-grid-angular-25.3.0.tgz",
      "integrity": "sha512-goqcsqOou2vpY5KKD8Ww/VLaSiN6BWf1tGcrYiLfV31n/loDlLtSOT+yVaS6jqtK+Rc/rGhAl6FjvkjTKVwpJA==",
      "requires": {
        "tslib": "^1.10.0"
      }
    },
    "ag-grid-community": {
      "version": "25.3.0",
      "resolved": "https://registry.npmjs.org/ag-grid-community/-/ag-grid-community-25.3.0.tgz",
      "integrity": "sha512-Xe4NZG0PP9kvhila1uHU4BeVfLDCWBmcuBYLBZ+49jvK+jYpuwdAjV3AwIlxpZGRR3WTdBUvUkSz9rmi2DRE3Q=="
    },
    "bootstrap": {
      "version": "5.0.2",
      "resolved": "https://registry.npmjs.org/bootstrap/-/bootstrap-5.0.2.tgz",
      "integrity": "sha512-1Ge963tyEQWJJ+8qtXFU6wgmAVj9gweEjibUdbmcCEYsn38tVwRk8107rk2vzt6cfQcRr3SlZ8aQBqaD8aqf+Q=="
    },
    "tslib": {
      "version": "1.14.1",
      "resolved": "https://registry.npmjs.org/tslib/-/tslib-1.14.1.tgz",
      "integrity": "sha512-Xni35NKzjgMrwevysHTCArtLDpPvye8zV/0E4EyYn43P7/7qvQwPh9BGkHewbMulVntbigmcT7rdX3BNo9wRJg=="
    }
  }
}
